
Microsoft Visual Studio Solution File, Format Version 12.00
# Visual Studio Version 17
VisualStudioVersion = 17.3.32819.101
MinimumVisualStudioVersion = 10.0.40219.1
Project("{FAE04EC0-301F-11D3-BF4B-00C04F79EFBC}") = "konsolAppLabb-1", "konsolAppLabb-1\konsolAppLabb-1.csproj", "{AC6BD610-5A32-416C-BA00-9FE8D1EFFE4C}"
EndProject
Global
	GlobalSection(SolutionConfigurationPlatforms) = preSolution
		Debug|Any CPU = Debug|Any CPU
		Release|Any CPU = Release|Any CPU
	EndGlobalSection
	GlobalSection(ProjectConfigurationPlatforms) = postSolution
		{AC6BD610-5A32-416C-BA00-9FE8D1EFFE4C}.Debug|Any CPU.ActiveCfg = Debug|Any CPU
		{AC6BD610-5A32-416C-BA00-9FE8D1EFFE4C}.Debug|Any CPU.Build.0 = Debug|Any CPU
		{AC6BD610-5A32-416C-BA00-9FE8D1EFFE4C}.Release|Any CPU.ActiveCfg = Release|Any CPU
		{AC6BD610-5A32-416C-BA00-9FE8D1EFFE4C}.Release|Any CPU.Build.0 = Release|Any CPU
	EndGlobalSection
	GlobalSection(SolutionProperties) = preSolution
		HideSolutionNode = FALSE
	EndGlobalSection
	GlobalSection(ExtensibilityGlobals) = postSolution
		SolutionGuid = {4FAE76B2-3FCB-4E16-AC90-5326FE020FDE}
	EndGlobalSection
EndGlobal
